
Microsoft Visual Studio Solution File, Format Version 12.00
# Visual Studio 14
VisualStudioVersion = 14.0.25420.1
MinimumVisualStudioVersion = 10.0.40219.1
Project("{FAE04EC0-301F-11D3-BF4B-00C04F79EFBC}") = "BuildTestFailService", "BuildTestFailService\BuildTestFailService.csproj", "{F6B215BF-7B36-4400-9292-9F3BA3E19727}"
EndProject
Project("{FAE04EC0-301F-11D3-BF4B-00C04F79EFBC}") = "UnitTestProject1", "UnitTestProject1\UnitTestProject1.csproj", "{81B2B138-01D4-4ABA-BD98-73B2C781C426}"
EndProject
Global
	GlobalSection(SolutionConfigurationPlatforms) = preSolution
		Debug|Any CPU = Debug|Any CPU
		Release|Any CPU = Release|Any CPU
	EndGlobalSection
	GlobalSection(ProjectConfigurationPlatforms) = postSolution
		{F6B215BF-7B36-4400-9292-9F3BA3E19727}.Debug|Any CPU.ActiveCfg = Debug|Any CPU
		{F6B215BF-7B36-4400-9292-9F3BA3E19727}.Debug|Any CPU.Build.0 = Debug|Any CPU
		{F6B215BF-7B36-4400-9292-9F3BA3E19727}.Release|Any CPU.ActiveCfg = Release|Any CPU
		{F6B215BF-7B36-4400-9292-9F3BA3E19727}.Release|Any CPU.Build.0 = Release|Any CPU
		{81B2B138-01D4-4ABA-BD98-73B2C781C426}.Debug|Any CPU.ActiveCfg = Debug|Any CPU
		{81B2B138-01D4-4ABA-BD98-73B2C781C426}.Debug|Any CPU.Build.0 = Debug|Any CPU
		{81B2B138-01D4-4ABA-BD98-73B2C781C426}.Release|Any CPU.ActiveCfg = Release|Any CPU
		{81B2B138-01D4-4ABA-BD98-73B2C781C426}.Release|Any CPU.Build.0 = Release|Any CPU
	EndGlobalSection
	GlobalSection(SolutionProperties) = preSolution
		HideSolutionNode = FALSE
	EndGlobalSection
EndGlobal
