
Microsoft Visual Studio Solution File, Format Version 12.00
# Visual Studio 14
VisualStudioVersion = 14.0.25420.1
MinimumVisualStudioVersion = 10.0.40219.1
Project("{FAE04EC0-301F-11D3-BF4B-00C04F79EFBC}") = "WebApplication-Working", "WebApplication-Working\WebApplication-Working.csproj", "{EDC71654-8639-45EE-BECC-E3DE914EA700}"
EndProject
Global
	GlobalSection(SolutionConfigurationPlatforms) = preSolution
		Debug|Any CPU = Debug|Any CPU
		QA|Any CPU = QA|Any CPU
		Release|Any CPU = Release|Any CPU
	EndGlobalSection
	GlobalSection(ProjectConfigurationPlatforms) = postSolution
		{EDC71654-8639-45EE-BECC-E3DE914EA700}.Debug|Any CPU.ActiveCfg = Debug|Any CPU
		{EDC71654-8639-45EE-BECC-E3DE914EA700}.Debug|Any CPU.Build.0 = Debug|Any CPU
		{EDC71654-8639-45EE-BECC-E3DE914EA700}.QA|Any CPU.ActiveCfg = QA|Any CPU
		{EDC71654-8639-45EE-BECC-E3DE914EA700}.QA|Any CPU.Build.0 = QA|Any CPU
		{EDC71654-8639-45EE-BECC-E3DE914EA700}.Release|Any CPU.ActiveCfg = Release|Any CPU
		{EDC71654-8639-45EE-BECC-E3DE914EA700}.Release|Any CPU.Build.0 = Release|Any CPU
	EndGlobalSection
	GlobalSection(SolutionProperties) = preSolution
		HideSolutionNode = FALSE
	EndGlobalSection
EndGlobal
