
Microsoft Visual Studio Solution File, Format Version 12.00
# Visual Studio 14
VisualStudioVersion = 14.0.25420.1
MinimumVisualStudioVersion = 10.0.40219.1
Project("{2150E333-8FDC-42A3-9474-1A3956D46DE8}") = "src", "src", "{2AE0268A-7118-4C8D-918D-E2973B1B7A17}"
EndProject
Project("{2150E333-8FDC-42A3-9474-1A3956D46DE8}") = "Solution Items", "Solution Items", "{5C6BEBA4-955A-4CC0-B4B3-838F8D049ABE}"
	ProjectSection(SolutionItems) = preProject
		global.json = global.json
	EndProjectSection
EndProject
Project("{8BB2217D-0F2D-49D1-97BC-3654ED321F3B}") = "WebApplication-Core-Working", "src\WebApplication-Core-Working\WebApplication-Core-Working.xproj", "{1E703A8E-B908-4039-A4DF-61AD40FD4DFF}"
EndProject
Global
	GlobalSection(SolutionConfigurationPlatforms) = preSolution
		Debug|Any CPU = Debug|Any CPU
		QA|Any CPU = QA|Any CPU
		Release|Any CPU = Release|Any CPU
	EndGlobalSection
	GlobalSection(ProjectConfigurationPlatforms) = postSolution
		{1E703A8E-B908-4039-A4DF-61AD40FD4DFF}.Debug|Any CPU.ActiveCfg = Debug|Any CPU
		{1E703A8E-B908-4039-A4DF-61AD40FD4DFF}.Debug|Any CPU.Build.0 = Debug|Any CPU
		{1E703A8E-B908-4039-A4DF-61AD40FD4DFF}.QA|Any CPU.ActiveCfg = QA|Any CPU
		{1E703A8E-B908-4039-A4DF-61AD40FD4DFF}.QA|Any CPU.Build.0 = QA|Any CPU
		{1E703A8E-B908-4039-A4DF-61AD40FD4DFF}.Release|Any CPU.ActiveCfg = Release|Any CPU
		{1E703A8E-B908-4039-A4DF-61AD40FD4DFF}.Release|Any CPU.Build.0 = Release|Any CPU
	EndGlobalSection
	GlobalSection(SolutionProperties) = preSolution
		HideSolutionNode = FALSE
	EndGlobalSection
	GlobalSection(NestedProjects) = preSolution
		{1E703A8E-B908-4039-A4DF-61AD40FD4DFF} = {2AE0268A-7118-4C8D-918D-E2973B1B7A17}
	EndGlobalSection
EndGlobal
